<?xml version="1.0" encoding="utf-8"?>
<Project ToolsVersion="4.0" xmlns="http://schemas.microsoft.com/developer/msbuild/2003">
  <ItemGroup>
    <Filter Include="Source Files">
      <UniqueIdentifier>{61856a5b-3a54-45de-a597-99e3d9a759db}</UniqueIdentifier>
    </Filter>
    <Filter Include="Shader Files">
      <UniqueIdentifier>{e36f76a8-f65c-4afd-b039-29b35d29dae4}</UniqueIdentifier>
    </Filter>
    <Filter Include="Header Files">
      <UniqueIdentifier>{c3c0dcf7-d204-4ca3-9adb-b94d6ad90237}</UniqueIdentifier>
    </Filter>
    <Filter Include="External">
      <UniqueIdentifier>{503669be-6b85-4a59-876f-7c5213af31d0}</UniqueIdentifier>
    </Filter>
    <Filter Include="External\tgl">
      <UniqueIdentifier>{9a3c9550-3b48-4f15-a26d-b1b531d95fd8}</UniqueIdentifier>
    </Filter>
    <Filter Include="External\tygra">
      <UniqueIdentifier>{35a81ccb-0b08-4f72-979f-3c831d80462d}</UniqueIdentifier>
    </Filter>
    <Filter Include="External\SceneModel">
      <UniqueIdentifier>{3db414bd-f99d-408f-b942-7e23b98f360e}</UniqueIdentifier>
    </Filter>
  </ItemGroup>
  <ItemGroup>
    <ClCompile Include="main.cpp">
      <Filter>Source Files</Filter>
    </ClCompile>
    <ClCompile Include="MyController.cpp">
      <Filter>Source Files</Filter>
    </ClCompile>
    <ClCompile Include="MyView.cpp">
      <Filter>Source Files</Filter>
    </ClCompile>
    <ClCompile Include="..\external\src\tgl\tgl.c">
      <Filter>External\tgl</Filter>
    </ClCompile>
    <ClCompile Include="..\external\src\tygra\Window.cpp">
      <Filter>External\tygra</Filter>
    </ClCompile>
    <ClCompile Include="..\external\src\tygra\FileHelper.cpp">
      <Filter>External\tygra</Filter>
    </ClCompile>
    <ClCompile Include="..\external\src\SceneModel\Camera.cpp">
      <Filter>External\SceneModel</Filter>
    </ClCompile>
    <ClCompile Include="..\external\src\SceneModel\Context.cpp">
      <Filter>External\SceneModel</Filter>
    </ClCompile>
    <ClCompile Include="PerlinNoise.cpp">
      <Filter>Source Files</Filter>
    </ClCompile>
    <ClCompile Include="MyUtilities.cpp">
      <Filter>Source Files</Filter>
    </ClCompile>
  </ItemGroup>
  <ItemGroup>
    <ClInclude Include="MyController.hpp">
      <Filter>Header Files</Filter>
    </ClInclude>
    <ClInclude Include="MyView.hpp">
      <Filter>Header Files</Filter>
    </ClInclude>
    <ClInclude Include="..\external\src\SceneModel\FirstPersonMovement.hpp">
      <Filter>External\SceneModel</Filter>
    </ClInclude>
    <ClInclude Include="..\external\include\SceneModel\Camera.hpp">
      <Filter>External\SceneModel</Filter>
    </ClInclude>
    <ClInclude Include="..\external\include\SceneModel\Context.hpp">
      <Filter>External\SceneModel</Filter>
    </ClInclude>
    <ClInclude Include="PerlinNoise.h">
      <Filter>Header Files</Filter>
    </ClInclude>
    <ClInclude Include="MyUtilities.h">
      <Filter>Header Files</Filter>
    </ClInclude>
  </ItemGroup>
  <ItemGroup>
    <None Include="..\demo\terrain_fs.glsl">
      <Filter>Shader Files</Filter>
    </None>
    <None Include="..\demo\terrain_vs.glsl">
      <Filter>Shader Files</Filter>
    </None>
    <None Include="..\demo\shapes_vs.glsl">
      <Filter>Shader Files</Filter>
    </None>
    <None Include="..\demo\shapes_fs.glsl">
      <Filter>Shader Files</Filter>
    </None>
  </ItemGroup>
</Project>